// !$*UTF8*$!
{
	archiveVersion = 1;
	classes = {
	};
	objectVersion = 46;
	objects = {

/* Begin PBXBuildFile section */
		C9232B241E7DE5AF006D87F6 /* ColorUtilities.swift in Sources */ = {isa = PBXBuildFile; fileRef = C9232B231E7DE5AF006D87F6 /* ColorUtilities.swift */; };
		C983A3441DC57FF80057B07A /* AppDelegate.swift in Sources */ = {isa = PBXBuildFile; fileRef = C983A3431DC57FF80057B07A /* AppDelegate.swift */; };
		C983A3461DC57FF80057B07A /* Assets.xcassets in Resources */ = {isa = PBXBuildFile; fileRef = C983A3451DC57FF80057B07A /* Assets.xcassets */; };
		C983A3491DC57FF90057B07A /* MainMenu.xib in Resources */ = {isa = PBXBuildFile; fileRef = C983A3471DC57FF90057B07A /* MainMenu.xib */; };
		C983A3511DC580030057B07A /* RangeSlider.swift in Sources */ = {isa = PBXBuildFile; fileRef = C983A3501DC580030057B07A /* RangeSlider.swift */; };
		C983A3531DC58F870057B07A /* Demo.swift in Sources */ = {isa = PBXBuildFile; fileRef = C983A3521DC58F870057B07A /* Demo.swift */; };
/* End PBXBuildFile section */

/* Begin PBXFileReference section */
		C9232B231E7DE5AF006D87F6 /* ColorUtilities.swift */ = {isa = PBXFileReference; fileEncoding = 4; lastKnownFileType = sourcecode.swift; path = ColorUtilities.swift; sourceTree = "<group>"; };
		C983A3401DC57FF80057B07A /* RangeSlider.app */ = {isa = PBXFileReference; explicitFileType = wrapper.application; includeInIndex = 0; path = RangeSlider.app; sourceTree = BUILT_PRODUCTS_DIR; };
		C983A3431DC57FF80057B07A /* AppDelegate.swift */ = {isa = PBXFileReference; lastKnownFileType = sourcecode.swift; path = AppDelegate.swift; sourceTree = "<group>"; };
		C983A3451DC57FF80057B07A /* Assets.xcassets */ = {isa = PBXFileReference; lastKnownFileType = folder.assetcatalog; path = Assets.xcassets; sourceTree = "<group>"; };
		C983A3481DC57FF90057B07A /* Base */ = {isa = PBXFileReference; lastKnownFileType = file.xib; name = Base; path = Base.lproj/MainMenu.xib; sourceTree = "<group>"; };
		C983A34A1DC57FF90057B07A /* Info.plist */ = {isa = PBXFileReference; lastKnownFileType = text.plist.xml; path = Info.plist; sourceTree = "<group>"; };
		C983A3501DC580030057B07A /* RangeSlider.swift */ = {isa = PBXFileReference; fileEncoding = 4; lastKnownFileType = sourcecode.swift; path = RangeSlider.swift; sourceTree = "<group>"; };
		C983A3521DC58F870057B07A /* Demo.swift */ = {isa = PBXFileReference; fileEncoding = 4; lastKnownFileType = sourcecode.swift; path = Demo.swift; sourceTree = "<group>"; };
/* End PBXFileReference section */

/* Begin PBXFrameworksBuildPhase section */
		C983A33D1DC57FF80057B07A /* Frameworks */ = {
			isa = PBXFrameworksBuildPhase;
			buildActionMask = 2147483647;
			files = (
			);
			runOnlyForDeploymentPostprocessing = 0;
		};
/* End PBXFrameworksBuildPhase section */

/* Begin PBXGroup section */
		C983A3371DC57FF80057B07A = {
			isa = PBXGroup;
			children = (
				C983A3421DC57FF80057B07A /* RangeSlider */,
				C983A3411DC57FF80057B07A /* Products */,
			);
			sourceTree = "<group>";
		};
		C983A3411DC57FF80057B07A /* Products */ = {
			isa = PBXGroup;
			children = (
				C983A3401DC57FF80057B07A /* RangeSlider.app */,
			);
			name = Products;
			sourceTree = "<group>";
		};
		C983A3421DC57FF80057B07A /* RangeSlider */ = {
			isa = PBXGroup;
			children = (
				C983A3431DC57FF80057B07A /* AppDelegate.swift */,
				C983A3501DC580030057B07A /* RangeSlider.swift */,
				C983A3521DC58F870057B07A /* Demo.swift */,
				C9232B231E7DE5AF006D87F6 /* ColorUtilities.swift */,
				C983A3451DC57FF80057B07A /* Assets.xcassets */,
				C983A3471DC57FF90057B07A /* MainMenu.xib */,
				C983A34A1DC57FF90057B07A /* Info.plist */,
			);
			path = RangeSlider;
			sourceTree = "<group>";
		};
/* End PBXGroup section */

/* Begin PBXNativeTarget section */
		C983A33F1DC57FF80057B07A /* RangeSlider */ = {
			isa = PBXNativeTarget;
			buildConfigurationList = C983A34D1DC57FF90057B07A /* Build configuration list for PBXNativeTarget "RangeSlider" */;
			buildPhases = (
				C983A33C1DC57FF80057B07A /* Sources */,
				C983A33D1DC57FF80057B07A /* Frameworks */,
				C983A33E1DC57FF80057B07A /* Resources */,
			);
			buildRules = (
			);
			dependencies = (
			);
			name = RangeSlider;
			productName = RangeSlider;
			productReference = C983A3401DC57FF80057B07A /* RangeSlider.app */;
			productType = "com.apple.product-type.application";
		};
/* End PBXNativeTarget section */

/* Begin PBXProject section */
		C983A3381DC57FF80057B07A /* Project object */ = {
			isa = PBXProject;
			attributes = {
				LastSwiftUpdateCheck = 0800;
				LastUpgradeCheck = 0820;
				ORGANIZATIONNAME = "Matt Reagan";
				TargetAttributes = {
					C983A33F1DC57FF80057B07A = {
						CreatedOnToolsVersion = 8.0;
						ProvisioningStyle = Automatic;
					};
				};
			};
			buildConfigurationList = C983A33B1DC57FF80057B07A /* Build configuration list for PBXProject "RangeSlider" */;
			compatibilityVersion = "Xcode 3.2";
			developmentRegion = English;
			hasScannedForEncodings = 0;
			knownRegions = (
				en,
				Base,
			);
			mainGroup = C983A3371DC57FF80057B07A;
			productRefGroup = C983A3411DC57FF80057B07A /* Products */;
			projectDirPath = "";
			projectRoot = "";
			targets = (
				C983A33F1DC57FF80057B07A /* RangeSlider */,
			);
		};
/* End PBXProject section */

/* Begin PBXResourcesBuildPhase section */
		C983A33E1DC57FF80057B07A /* Resources */ = {
			isa = PBXResourcesBuildPhase;
			buildActionMask = 2147483647;
			files = (
				C983A3461DC57FF80057B07A /* Assets.xcassets in Resources */,
				C983A3491DC57FF90057B07A /* MainMenu.xib in Resources */,
			);
			runOnlyForDeploymentPostprocessing = 0;
		};
/* End PBXResourcesBuildPhase section */

/* Begin PBXSourcesBuildPhase section */
		C983A33C1DC57FF80057B07A /* Sources */ = {
			isa = PBXSourcesBuildPhase;
			buildActionMask = 2147483647;
			files = (
				C983A3511DC580030057B07A /* RangeSlider.swift in Sources */,
				C983A3441DC57FF80057B07A /* AppDelegate.swift in Sources */,
				C9232B241E7DE5AF006D87F6 /* ColorUtilities.swift in Sources */,
				C983A3531DC58F870057B07A /* Demo.swift in Sources */,
			);
			runOnlyForDeploymentPostprocessing = 0;
		};
/* End PBXSourcesBuildPhase section */

/* Begin PBXVariantGroup section */
		C983A3471DC57FF90057B07A /* MainMenu.xib */ = {
			isa = PBXVariantGroup;
			children = (
				C983A3481DC57FF90057B07A /* Base */,
			);
			name = MainMenu.xib;
			sourceTree = "<group>";
		};
/* End PBXVariantGroup section */

/* Begin XCBuildConfiguration section */
		C983A34B1DC57FF90057B07A /* Debug */ = {
			isa = XCBuildConfiguration;
			buildSettings = {
				ALWAYS_SEARCH_USER_PATHS = NO;
				CLANG_ANALYZER_NONNULL = YES;
				CLANG_CXX_LANGUAGE_STANDARD = "gnu++0x";
				CLANG_CXX_LIBRARY = "libc++";
				CLANG_ENABLE_MODULES = YES;
				CLANG_ENABLE_OBJC_ARC = YES;
				CLANG_WARN_BOOL_CONVERSION = YES;
				CLANG_WARN_CONSTANT_CONVERSION = YES;
				CLANG_WARN_DIRECT_OBJC_ISA_USAGE = YES_ERROR;
				CLANG_WARN_DOCUMENTATION_COMMENTS = YES;
				CLANG_WARN_EMPTY_BODY = YES;
				CLANG_WARN_ENUM_CONVERSION = YES;
				CLANG_WARN_INFINITE_RECURSION = YES;
				CLANG_WARN_INT_CONVERSION = YES;
				CLANG_WARN_OBJC_ROOT_CLASS = YES_ERROR;
				CLANG_WARN_SUSPICIOUS_MOVE = YES;
				CLANG_WARN_SUSPICIOUS_MOVES = YES;
				CLANG_WARN_UNREACHABLE_CODE = YES;
				CLANG_WARN__DUPLICATE_METHOD_MATCH = YES;
				CODE_SIGN_IDENTITY = "-";
				COPY_PHASE_STRIP = NO;
				DEBUG_INFORMATION_FORMAT = dwarf;
				ENABLE_STRICT_OBJC_MSGSEND = YES;
				ENABLE_TESTABILITY = YES;
				GCC_C_LANGUAGE_STANDARD = gnu99;
				GCC_DYNAMIC_NO_PIC = NO;
				GCC_NO_COMMON_BLOCKS = YES;
				GCC_OPTIMIZATION_LEVEL = 0;
				GCC_PREPROCESSOR_DEFINITIONS = (
					"DEBUG=1",
					"$(inherited)",
				);
				GCC_WARN_64_TO_32_BIT_CONVERSION = YES;
				GCC_WARN_ABOUT_RETURN_TYPE = YES_ERROR;
				GCC_WARN_UNDECLARED_SELECTOR = YES;
				GCC_WARN_UNINITIALIZED_AUTOS = YES_AGGRESSIVE;
				GCC_WARN_UNUSED_FUNCTION = YES;
				GCC_WARN_UNUSED_VARIABLE = YES;
				MACOSX_DEPLOYMENT_TARGET = 10.12;
				MTL_ENABLE_DEBUG_INFO = YES;
				ONLY_ACTIVE_ARCH = YES;
				SDKROOT = macosx;
				SWIFT_ACTIVE_COMPILATION_CONDITIONS = DEBUG;
				SWIFT_OPTIMIZATION_LEVEL = "-Onone";
			};
			name = Debug;
		};
		C983A34C1DC57FF90057B07A /* Release */ = {
			isa = XCBuildConfiguration;
			buildSettings = {
				ALWAYS_SEARCH_USER_PATHS = NO;
				CLANG_ANALYZER_NONNULL = YES;
				CLANG_CXX_LANGUAGE_STANDARD = "gnu++0x";
				CLANG_CXX_LIBRARY = "libc++";
				CLANG_ENABLE_MODULES = YES;
				CLANG_ENABLE_OBJC_ARC = YES;
				CLANG_WARN_BOOL_CONVERSION = YES;
				CLANG_WARN_CONSTANT_CONVERSION = YES;
				CLANG_WARN_DIRECT_OBJC_ISA_USAGE = YES_ERROR;
				CLANG_WARN_DOCUMENTATION_COMMENTS = YES;
				CLANG_WARN_EMPTY_BODY = YES;
				CLANG_WARN_ENUM_CONVERSION = YES;
				CLANG_WARN_INFINITE_RECURSION = YES;
				CLANG_WARN_INT_CONVERSION = YES;
				CLANG_WARN_OBJC_ROOT_CLASS = YES_ERROR;
				CLANG_WARN_SUSPICIOUS_MOVE = YES;
				CLANG_WARN_SUSPICIOUS_MOVES = YES;
				CLANG_WARN_UNREACHABLE_CODE = YES;
				CLANG_WARN__DUPLICATE_METHOD_MATCH = YES;
				CODE_SIGN_IDENTITY = "-";
				COPY_PHASE_STRIP = NO;
				DEBUG_INFORMATION_FORMAT = "dwarf-with-dsym";
				ENABLE_NS_ASSERTIONS = NO;
				ENABLE_STRICT_OBJC_MSGSEND = YES;
				GCC_C_LANGUAGE_STANDARD = gnu99;
				GCC_NO_COMMON_BLOCKS = YES;
				GCC_WARN_64_TO_32_BIT_CONVERSION = YES;
				GCC_WARN_ABOUT_RETURN_TYPE = YES_ERROR;
				GCC_WARN_UNDECLARED_SELECTOR = YES;
				GCC_WARN_UNINITIALIZED_AUTOS = YES_AGGRESSIVE;
				GCC_WARN_UNUSED_FUNCTION = YES;
				GCC_WARN_UNUSED_VARIABLE = YES;
				MACOSX_DEPLOYMENT_TARGET = 10.12;
				MTL_ENABLE_DEBUG_INFO = NO;
				SDKROOT = macosx;
				SWIFT_OPTIMIZATION_LEVEL = "-Owholemodule";
			};
			name = Release;
		};
		C983A34E1DC57FF90057B07A /* Debug */ = {
			isa = XCBuildConfiguration;
			buildSettings = {
				ASSETCATALOG_COMPILER_APPICON_NAME = AppIcon;
				COMBINE_HIDPI_IMAGES = YES;
				INFOPLIST_FILE = RangeSlider/Info.plist;
				LD_RUNPATH_SEARCH_PATHS = "$(inherited) @executable_path/../Frameworks";
				PRODUCT_BUNDLE_IDENTIFIER = mattreagan.RangeSlider;
				PRODUCT_NAME = "$(TARGET_NAME)";
				SWIFT_VERSION = 3.0;
			};
			name = Debug;
		};
		C983A34F1DC57FF90057B07A /* Release */ = {
			isa = XCBuildConfiguration;
			buildSettings = {
				ASSETCATALOG_COMPILER_APPICON_NAME = AppIcon;
				COMBINE_HIDPI_IMAGES = YES;
				INFOPLIST_FILE = RangeSlider/Info.plist;
				LD_RUNPATH_SEARCH_PATHS = "$(inherited) @executable_path/../Frameworks";
				PRODUCT_BUNDLE_IDENTIFIER = mattreagan.RangeSlider;
				PRODUCT_NAME = "$(TARGET_NAME)";
				SWIFT_VERSION = 3.0;
			};
			name = Release;
		};
/* End XCBuildConfiguration section */

/* Begin XCConfigurationList section */
		C983A33B1DC57FF80057B07A /* Build configuration list for PBXProject "RangeSlider" */ = {
			isa = XCConfigurationList;
			buildConfigurations = (
				C983A34B1DC57FF90057B07A /* Debug */,
				C983A34C1DC57FF90057B07A /* Release */,
			);
			defaultConfigurationIsVisible = 0;
			defaultConfigurationName = Release;
		};
		C983A34D1DC57FF90057B07A /* Build configuration list for PBXNativeTarget "RangeSlider" */ = {
			isa = XCConfigurationList;
			buildConfigurations = (
				C983A34E1DC57FF90057B07A /* Debug */,
				C983A34F1DC57FF90057B07A /* Release */,
			);
			defaultConfigurationIsVisible = 0;
			defaultConfigurationName = Release;
		};
/* End XCConfigurationList section */
	};
	rootObject = C983A3381DC57FF80057B07A /* Project object */;
}
